
Microsoft Visual Studio Solution File, Format Version 12.00
# Visual Studio Version 16
VisualStudioVersion = 16.0.30717.126
MinimumVisualStudioVersion = 10.0.40219.1
Project("{FAE04EC0-301F-11D3-BF4B-00C04F79EFBC}") = "Tombola", "Tombola.csproj", "{6ABF103C-9998-4C0F-A276-C0F9022F4725}"
EndProject
Global
	GlobalSection(SolutionConfigurationPlatforms) = preSolution
		Debug|Any CPU = Debug|Any CPU
		Release|Any CPU = Release|Any CPU
	EndGlobalSection
	GlobalSection(ProjectConfigurationPlatforms) = postSolution
		{6ABF103C-9998-4C0F-A276-C0F9022F4725}.Debug|Any CPU.ActiveCfg = Debug|Any CPU
		{6ABF103C-9998-4C0F-A276-C0F9022F4725}.Debug|Any CPU.Build.0 = Debug|Any CPU
		{6ABF103C-9998-4C0F-A276-C0F9022F4725}.Release|Any CPU.ActiveCfg = Release|Any CPU
		{6ABF103C-9998-4C0F-A276-C0F9022F4725}.Release|Any CPU.Build.0 = Release|Any CPU
	EndGlobalSection
	GlobalSection(SolutionProperties) = preSolution
		HideSolutionNode = FALSE
	EndGlobalSection
	GlobalSection(ExtensibilityGlobals) = postSolution
		SolutionGuid = {4C5F5F11-D4B8-454B-9F49-6963BC0906DF}
	EndGlobalSection
EndGlobal
